// !$*UTF8*$!
{
	archiveVersion = 1;
	classes = {
	};
	objectVersion = 46;
	objects = {

/* Begin PBXBuildFile section */
		63A1FD211E82D8BE00AEFB12 /* main.m in Sources */ = {isa = PBXBuildFile; fileRef = 63A1FD201E82D8BE00AEFB12 /* main.m */; };
		63A1FD241E82D8BE00AEFB12 /* AppDelegate.m in Sources */ = {isa = PBXBuildFile; fileRef = 63A1FD231E82D8BE00AEFB12 /* AppDelegate.m */; };
		63A1FD271E82D8BE00AEFB12 /* ViewController.m in Sources */ = {isa = PBXBuildFile; fileRef = 63A1FD261E82D8BE00AEFB12 /* ViewController.m */; };
		63A1FD2A1E82D8BE00AEFB12 /* Main.storyboard in Resources */ = {isa = PBXBuildFile; fileRef = 63A1FD281E82D8BE00AEFB12 /* Main.storyboard */; };
		63A1FD2F1E82D8BE00AEFB12 /* LaunchScreen.storyboard in Resources */ = {isa = PBXBuildFile; fileRef = 63A1FD2D1E82D8BE00AEFB12 /* LaunchScreen.storyboard */; };
		63A1FD3A1E82D8BE00AEFB12 /* PlimeTests.m in Sources */ = {isa = PBXBuildFile; fileRef = 63A1FD391E82D8BE00AEFB12 /* PlimeTests.m */; };
		63A1FD451E82D8BF00AEFB12 /* PlimeUITests.m in Sources */ = {isa = PBXBuildFile; fileRef = 63A1FD441E82D8BF00AEFB12 /* PlimeUITests.m */; };
		63A1FD5B1E83A1CF00AEFB12 /* MPTabBarController.m in Sources */ = {isa = PBXBuildFile; fileRef = 63A1FD5A1E83A1CF00AEFB12 /* MPTabBarController.m */; settings = {ASSET_TAGS = (); }; };
		63A1FD5E1E83A78900AEFB12 /* MPNavigationController.m in Sources */ = {isa = PBXBuildFile; fileRef = 63A1FD5D1E83A78900AEFB12 /* MPNavigationController.m */; settings = {ASSET_TAGS = (); }; };
		63A1FD631E83B44300AEFB12 /* UIView+MExtension.m in Sources */ = {isa = PBXBuildFile; fileRef = 63A1FD621E83B44300AEFB12 /* UIView+MExtension.m */; settings = {ASSET_TAGS = (); }; };
		63A1FD691E83BC5600AEFB12 /* MPFeedController.m in Sources */ = {isa = PBXBuildFile; fileRef = 63A1FD681E83BC5600AEFB12 /* MPFeedController.m */; settings = {ASSET_TAGS = (); }; };
		63A1FD6D1E83CF3700AEFB12 /* MPSearchController.m in Sources */ = {isa = PBXBuildFile; fileRef = 63A1FD6C1E83CF3700AEFB12 /* MPSearchController.m */; settings = {ASSET_TAGS = (); }; };
		63A1FD711E83D11100AEFB12 /* UISearchBar+MAdd.m in Sources */ = {isa = PBXBuildFile; fileRef = 63A1FD701E83D11100AEFB12 /* UISearchBar+MAdd.m */; settings = {ASSET_TAGS = (); }; };
		63A1FD751E85313500AEFB12 /* MPWaterflowLayout.m in Sources */ = {isa = PBXBuildFile; fileRef = 63A1FD741E85313500AEFB12 /* MPWaterflowLayout.m */; settings = {ASSET_TAGS = (); }; };
		63A1FD771E857B9D00AEFB12 /* Assets.xcassets in Resources */ = {isa = PBXBuildFile; fileRef = 63A1FD761E857B9D00AEFB12 /* Assets.xcassets */; settings = {ASSET_TAGS = (); }; };
		A125EA739849C671927CB6A4 /* Pods_Plime.framework in Frameworks */ = {isa = PBXBuildFile; fileRef = 6B7DD7E8AC782FC9B09ADF70 /* Pods_Plime.framework */; };
/* End PBXBuildFile section */

/* Begin PBXContainerItemProxy section */
		63A1FD361E82D8BE00AEFB12 /* PBXContainerItemProxy */ = {
			isa = PBXContainerItemProxy;
			containerPortal = 63A1FD141E82D8BE00AEFB12 /* Project object */;
			proxyType = 1;
			remoteGlobalIDString = 63A1FD1B1E82D8BE00AEFB12;
			remoteInfo = Plime;
		};
		63A1FD411E82D8BE00AEFB12 /* PBXContainerItemProxy */ = {
			isa = PBXContainerItemProxy;
			containerPortal = 63A1FD141E82D8BE00AEFB12 /* Project object */;
			proxyType = 1;
			remoteGlobalIDString = 63A1FD1B1E82D8BE00AEFB12;
			remoteInfo = Plime;
		};
/* End PBXContainerItemProxy section */

/* Begin PBXFileReference section */
		63A1FD1C1E82D8BE00AEFB12 /* Plime.app */ = {isa = PBXFileReference; explicitFileType = wrapper.application; includeInIndex = 0; path = Plime.app; sourceTree = BUILT_PRODUCTS_DIR; };
		63A1FD201E82D8BE00AEFB12 /* main.m */ = {isa = PBXFileReference; lastKnownFileType = sourcecode.c.objc; path = main.m; sourceTree = "<group>"; };
		63A1FD221E82D8BE00AEFB12 /* AppDelegate.h */ = {isa = PBXFileReference; lastKnownFileType = sourcecode.c.h; path = AppDelegate.h; sourceTree = "<group>"; };
		63A1FD231E82D8BE00AEFB12 /* AppDelegate.m */ = {isa = PBXFileReference; lastKnownFileType = sourcecode.c.objc; path = AppDelegate.m; sourceTree = "<group>"; };
		63A1FD251E82D8BE00AEFB12 /* ViewController.h */ = {isa = PBXFileReference; lastKnownFileType = sourcecode.c.h; path = ViewController.h; sourceTree = "<group>"; };
		63A1FD261E82D8BE00AEFB12 /* ViewController.m */ = {isa = PBXFileReference; lastKnownFileType = sourcecode.c.objc; path = ViewController.m; sourceTree = "<group>"; };
		63A1FD291E82D8BE00AEFB12 /* Base */ = {isa = PBXFileReference; lastKnownFileType = file.storyboard; name = Base; path = Base.lproj/Main.storyboard; sourceTree = "<group>"; };
		63A1FD2E1E82D8BE00AEFB12 /* Base */ = {isa = PBXFileReference; lastKnownFileType = file.storyboard; name = Base; path = Base.lproj/LaunchScreen.storyboard; sourceTree = "<group>"; };
		63A1FD301E82D8BE00AEFB12 /* Info.plist */ = {isa = PBXFileReference; lastKnownFileType = text.plist.xml; path = Info.plist; sourceTree = "<group>"; };
		63A1FD351E82D8BE00AEFB12 /* PlimeTests.xctest */ = {isa = PBXFileReference; explicitFileType = wrapper.cfbundle; includeInIndex = 0; path = PlimeTests.xctest; sourceTree = BUILT_PRODUCTS_DIR; };
		63A1FD391E82D8BE00AEFB12 /* PlimeTests.m */ = {isa = PBXFileReference; lastKnownFileType = sourcecode.c.objc; path = PlimeTests.m; sourceTree = "<group>"; };
		63A1FD3B1E82D8BE00AEFB12 /* Info.plist */ = {isa = PBXFileReference; lastKnownFileType = text.plist.xml; path = Info.plist; sourceTree = "<group>"; };
		63A1FD401E82D8BE00AEFB12 /* PlimeUITests.xctest */ = {isa = PBXFileReference; explicitFileType = wrapper.cfbundle; includeInIndex = 0; path = PlimeUITests.xctest; sourceTree = BUILT_PRODUCTS_DIR; };
		63A1FD441E82D8BF00AEFB12 /* PlimeUITests.m */ = {isa = PBXFileReference; lastKnownFileType = sourcecode.c.objc; path = PlimeUITests.m; sourceTree = "<group>"; };
		63A1FD461E82D8BF00AEFB12 /* Info.plist */ = {isa = PBXFileReference; lastKnownFileType = text.plist.xml; path = Info.plist; sourceTree = "<group>"; };
		63A1FD591E83A1CF00AEFB12 /* MPTabBarController.h */ = {isa = PBXFileReference; fileEncoding = 4; lastKnownFileType = sourcecode.c.h; path = MPTabBarController.h; sourceTree = "<group>"; };
		63A1FD5A1E83A1CF00AEFB12 /* MPTabBarController.m */ = {isa = PBXFileReference; fileEncoding = 4; lastKnownFileType = sourcecode.c.objc; path = MPTabBarController.m; sourceTree = "<group>"; };
		63A1FD5C1E83A78900AEFB12 /* MPNavigationController.h */ = {isa = PBXFileReference; fileEncoding = 4; lastKnownFileType = sourcecode.c.h; path = MPNavigationController.h; sourceTree = "<group>"; };
		63A1FD5D1E83A78900AEFB12 /* MPNavigationController.m */ = {isa = PBXFileReference; fileEncoding = 4; lastKnownFileType = sourcecode.c.objc; path = MPNavigationController.m; sourceTree = "<group>"; };
		63A1FD5F1E83B35D00AEFB12 /* PrefixHeader.h */ = {isa = PBXFileReference; lastKnownFileType = sourcecode.c.h; path = PrefixHeader.h; sourceTree = "<group>"; };
		63A1FD611E83B44300AEFB12 /* UIView+MExtension.h */ = {isa = PBXFileReference; fileEncoding = 4; lastKnownFileType = sourcecode.c.h; path = "UIView+MExtension.h"; sourceTree = "<group>"; };
		63A1FD621E83B44300AEFB12 /* UIView+MExtension.m */ = {isa = PBXFileReference; fileEncoding = 4; lastKnownFileType = sourcecode.c.objc; path = "UIView+MExtension.m"; sourceTree = "<group>"; };
		63A1FD671E83BC5600AEFB12 /* MPFeedController.h */ = {isa = PBXFileReference; fileEncoding = 4; lastKnownFileType = sourcecode.c.h; path = MPFeedController.h; sourceTree = "<group>"; };
		63A1FD681E83BC5600AEFB12 /* MPFeedController.m */ = {isa = PBXFileReference; fileEncoding = 4; lastKnownFileType = sourcecode.c.objc; path = MPFeedController.m; sourceTree = "<group>"; };
		63A1FD6B1E83CF3700AEFB12 /* MPSearchController.h */ = {isa = PBXFileReference; fileEncoding = 4; lastKnownFileType = sourcecode.c.h; path = MPSearchController.h; sourceTree = "<group>"; };
		63A1FD6C1E83CF3700AEFB12 /* MPSearchController.m */ = {isa = PBXFileReference; fileEncoding = 4; lastKnownFileType = sourcecode.c.objc; path = MPSearchController.m; sourceTree = "<group>"; };
		63A1FD6F1E83D11100AEFB12 /* UISearchBar+MAdd.h */ = {isa = PBXFileReference; fileEncoding = 4; lastKnownFileType = sourcecode.c.h; path = "UISearchBar+MAdd.h"; sourceTree = "<group>"; };
		63A1FD701E83D11100AEFB12 /* UISearchBar+MAdd.m */ = {isa = PBXFileReference; fileEncoding = 4; lastKnownFileType = sourcecode.c.objc; path = "UISearchBar+MAdd.m"; sourceTree = "<group>"; };
		63A1FD731E85313500AEFB12 /* MPWaterflowLayout.h */ = {isa = PBXFileReference; fileEncoding = 4; lastKnownFileType = sourcecode.c.h; path = MPWaterflowLayout.h; sourceTree = "<group>"; };
		63A1FD741E85313500AEFB12 /* MPWaterflowLayout.m */ = {isa = PBXFileReference; fileEncoding = 4; lastKnownFileType = sourcecode.c.objc; path = MPWaterflowLayout.m; sourceTree = "<group>"; };
		63A1FD761E857B9D00AEFB12 /* Assets.xcassets */ = {isa = PBXFileReference; lastKnownFileType = folder.assetcatalog; path = Assets.xcassets; sourceTree = "<group>"; };
		689730D10F6E5293B37480FF /* Pods-Plime.release.xcconfig */ = {isa = PBXFileReference; includeInIndex = 1; lastKnownFileType = text.xcconfig; name = "Pods-Plime.release.xcconfig"; path = "Pods/Target Support Files/Pods-Plime/Pods-Plime.release.xcconfig"; sourceTree = "<group>"; };
		6B7DD7E8AC782FC9B09ADF70 /* Pods_Plime.framework */ = {isa = PBXFileReference; explicitFileType = wrapper.framework; includeInIndex = 0; path = Pods_Plime.framework; sourceTree = BUILT_PRODUCTS_DIR; };
		860151251F4B76AEA09BA337 /* Pods-Plime.debug.xcconfig */ = {isa = PBXFileReference; includeInIndex = 1; lastKnownFileType = text.xcconfig; name = "Pods-Plime.debug.xcconfig"; path = "Pods/Target Support Files/Pods-Plime/Pods-Plime.debug.xcconfig"; sourceTree = "<group>"; };
/* End PBXFileReference section */

/* Begin PBXFrameworksBuildPhase section */
		63A1FD191E82D8BE00AEFB12 /* Frameworks */ = {
			isa = PBXFrameworksBuildPhase;
			buildActionMask = 2147483647;
			files = (
				A125EA739849C671927CB6A4 /* Pods_Plime.framework in Frameworks */,
			);
			runOnlyForDeploymentPostprocessing = 0;
		};
		63A1FD321E82D8BE00AEFB12 /* Frameworks */ = {
			isa = PBXFrameworksBuildPhase;
			buildActionMask = 2147483647;
			files = (
			);
			runOnlyForDeploymentPostprocessing = 0;
		};
		63A1FD3D1E82D8BE00AEFB12 /* Frameworks */ = {
			isa = PBXFrameworksBuildPhase;
			buildActionMask = 2147483647;
			files = (
			);
			runOnlyForDeploymentPostprocessing = 0;
		};
/* End PBXFrameworksBuildPhase section */

/* Begin PBXGroup section */
		63A1FD131E82D8BE00AEFB12 = {
			isa = PBXGroup;
			children = (
				63A1FD1E1E82D8BE00AEFB12 /* Plime */,
				63A1FD381E82D8BE00AEFB12 /* PlimeTests */,
				63A1FD431E82D8BF00AEFB12 /* PlimeUITests */,
				63A1FD1D1E82D8BE00AEFB12 /* Products */,
				A7990F750A3925566FD01D7F /* Pods */,
				EA0494040B7F988C657D38C2 /* Frameworks */,
			);
			sourceTree = "<group>";
		};
		63A1FD1D1E82D8BE00AEFB12 /* Products */ = {
			isa = PBXGroup;
			children = (
				63A1FD1C1E82D8BE00AEFB12 /* Plime.app */,
				63A1FD351E82D8BE00AEFB12 /* PlimeTests.xctest */,
				63A1FD401E82D8BE00AEFB12 /* PlimeUITests.xctest */,
			);
			name = Products;
			sourceTree = "<group>";
		};
		63A1FD1E1E82D8BE00AEFB12 /* Plime */ = {
			isa = PBXGroup;
			children = (
				63A1FD541E839CCD00AEFB12 /* Feed */,
				63A1FD6A1E83CED300AEFB12 /* Search */,
				63A1FD521E839C9300AEFB12 /* Main */,
				63A1FD1F1E82D8BE00AEFB12 /* Supporting Files */,
			);
			path = Plime;
			sourceTree = "<group>";
		};
		63A1FD1F1E82D8BE00AEFB12 /* Supporting Files */ = {
			isa = PBXGroup;
			children = (
				63A1FD761E857B9D00AEFB12 /* Assets.xcassets */,
				63A1FD301E82D8BE00AEFB12 /* Info.plist */,
				63A1FD201E82D8BE00AEFB12 /* main.m */,
			);
			name = "Supporting Files";
			sourceTree = "<group>";
		};
		63A1FD381E82D8BE00AEFB12 /* PlimeTests */ = {
			isa = PBXGroup;
			children = (
				63A1FD391E82D8BE00AEFB12 /* PlimeTests.m */,
				63A1FD3B1E82D8BE00AEFB12 /* Info.plist */,
			);
			path = PlimeTests;
			sourceTree = "<group>";
		};
		63A1FD431E82D8BF00AEFB12 /* PlimeUITests */ = {
			isa = PBXGroup;
			children = (
				63A1FD441E82D8BF00AEFB12 /* PlimeUITests.m */,
				63A1FD461E82D8BF00AEFB12 /* Info.plist */,
			);
			path = PlimeUITests;
			sourceTree = "<group>";
		};
		63A1FD521E839C9300AEFB12 /* Main */ = {
			isa = PBXGroup;
			children = (
				63A1FD721E85310F00AEFB12 /* WaterflowLayout */,
				63A1FD601E83B3EB00AEFB12 /* UiView+MExtension */,
				63A1FD581E839D2000AEFB12 /* NavigationBar */,
				63A1FD571E839D1600AEFB12 /* TabBar */,
				63A1FD221E82D8BE00AEFB12 /* AppDelegate.h */,
				63A1FD231E82D8BE00AEFB12 /* AppDelegate.m */,
				63A1FD251E82D8BE00AEFB12 /* ViewController.h */,
				63A1FD261E82D8BE00AEFB12 /* ViewController.m */,
				63A1FD281E82D8BE00AEFB12 /* Main.storyboard */,
				63A1FD2D1E82D8BE00AEFB12 /* LaunchScreen.storyboard */,
				63A1FD5F1E83B35D00AEFB12 /* PrefixHeader.h */,
			);
			name = Main;
			sourceTree = "<group>";
		};
		63A1FD531E839C9E00AEFB12 /* Model */ = {
			isa = PBXGroup;
			children = (
			);
			name = Model;
			path = ..;
			sourceTree = "<group>";
		};
		63A1FD541E839CCD00AEFB12 /* Feed */ = {
			isa = PBXGroup;
			children = (
				63A1FD531E839C9E00AEFB12 /* Model */,
				63A1FD551E839CED00AEFB12 /* View */,
				63A1FD561E839CFC00AEFB12 /* Controller */,
			);
			name = Feed;
			sourceTree = "<group>";
		};
		63A1FD551E839CED00AEFB12 /* View */ = {
			isa = PBXGroup;
			children = (
			);
			name = View;
			sourceTree = "<group>";
		};
		63A1FD561E839CFC00AEFB12 /* Controller */ = {
			isa = PBXGroup;
			children = (
				63A1FD671E83BC5600AEFB12 /* MPFeedController.h */,
				63A1FD681E83BC5600AEFB12 /* MPFeedController.m */,
			);
			name = Controller;
			sourceTree = "<group>";
		};
		63A1FD571E839D1600AEFB12 /* TabBar */ = {
			isa = PBXGroup;
			children = (
				63A1FD591E83A1CF00AEFB12 /* MPTabBarController.h */,
				63A1FD5A1E83A1CF00AEFB12 /* MPTabBarController.m */,
			);
			name = TabBar;
			sourceTree = "<group>";
		};
		63A1FD581E839D2000AEFB12 /* NavigationBar */ = {
			isa = PBXGroup;
			children = (
				63A1FD5C1E83A78900AEFB12 /* MPNavigationController.h */,
				63A1FD5D1E83A78900AEFB12 /* MPNavigationController.m */,
			);
			name = NavigationBar;
			sourceTree = "<group>";
		};
		63A1FD601E83B3EB00AEFB12 /* UiView+MExtension */ = {
			isa = PBXGroup;
			children = (
				63A1FD611E83B44300AEFB12 /* UIView+MExtension.h */,
				63A1FD621E83B44300AEFB12 /* UIView+MExtension.m */,
			);
			name = "UiView+MExtension";
			sourceTree = "<group>";
		};
		63A1FD6A1E83CED300AEFB12 /* Search */ = {
			isa = PBXGroup;
			children = (
				63A1FD6E1E83D0D000AEFB12 /* UISearchBar+MAdd */,
				63A1FD6B1E83CF3700AEFB12 /* MPSearchController.h */,
				63A1FD6C1E83CF3700AEFB12 /* MPSearchController.m */,
			);
			name = Search;
			sourceTree = "<group>";
		};
		63A1FD6E1E83D0D000AEFB12 /* UISearchBar+MAdd */ = {
			isa = PBXGroup;
			children = (
				63A1FD6F1E83D11100AEFB12 /* UISearchBar+MAdd.h */,
				63A1FD701E83D11100AEFB12 /* UISearchBar+MAdd.m */,
			);
			name = "UISearchBar+MAdd";
			sourceTree = "<group>";
		};
		63A1FD721E85310F00AEFB12 /* WaterflowLayout */ = {
			isa = PBXGroup;
			children = (
				63A1FD731E85313500AEFB12 /* MPWaterflowLayout.h */,
				63A1FD741E85313500AEFB12 /* MPWaterflowLayout.m */,
			);
			name = WaterflowLayout;
			sourceTree = "<group>";
		};
		A7990F750A3925566FD01D7F /* Pods */ = {
			isa = PBXGroup;
			children = (
				860151251F4B76AEA09BA337 /* Pods-Plime.debug.xcconfig */,
				689730D10F6E5293B37480FF /* Pods-Plime.release.xcconfig */,
			);
			name = Pods;
			sourceTree = "<group>";
		};
		EA0494040B7F988C657D38C2 /* Frameworks */ = {
			isa = PBXGroup;
			children = (
				6B7DD7E8AC782FC9B09ADF70 /* Pods_Plime.framework */,
			);
			name = Frameworks;
			sourceTree = "<group>";
		};
/* End PBXGroup section */

/* Begin PBXNativeTarget section */
		63A1FD1B1E82D8BE00AEFB12 /* Plime */ = {
			isa = PBXNativeTarget;
			buildConfigurationList = 63A1FD491E82D8BF00AEFB12 /* Build configuration list for PBXNativeTarget "Plime" */;
			buildPhases = (
				6F684A28107C87B44F20872E /* [CP] Check Pods Manifest.lock */,
				63A1FD181E82D8BE00AEFB12 /* Sources */,
				63A1FD191E82D8BE00AEFB12 /* Frameworks */,
				63A1FD1A1E82D8BE00AEFB12 /* Resources */,
				818F3B16BB6BEAFA58DD45C8 /* [CP] Embed Pods Frameworks */,
				D52F5E1320471D669119EBA6 /* [CP] Copy Pods Resources */,
			);
			buildRules = (
			);
			dependencies = (
			);
			name = Plime;
			productName = Plime;
			productReference = 63A1FD1C1E82D8BE00AEFB12 /* Plime.app */;
			productType = "com.apple.product-type.application";
		};
		63A1FD341E82D8BE00AEFB12 /* PlimeTests */ = {
			isa = PBXNativeTarget;
			buildConfigurationList = 63A1FD4C1E82D8BF00AEFB12 /* Build configuration list for PBXNativeTarget "PlimeTests" */;
			buildPhases = (
				63A1FD311E82D8BE00AEFB12 /* Sources */,
				63A1FD321E82D8BE00AEFB12 /* Frameworks */,
				63A1FD331E82D8BE00AEFB12 /* Resources */,
			);
			buildRules = (
			);
			dependencies = (
				63A1FD371E82D8BE00AEFB12 /* PBXTargetDependency */,
			);
			name = PlimeTests;
			productName = PlimeTests;
			productReference = 63A1FD351E82D8BE00AEFB12 /* PlimeTests.xctest */;
			productType = "com.apple.product-type.bundle.unit-test";
		};
		63A1FD3F1E82D8BE00AEFB12 /* PlimeUITests */ = {
			isa = PBXNativeTarget;
			buildConfigurationList = 63A1FD4F1E82D8BF00AEFB12 /* Build configuration list for PBXNativeTarget "PlimeUITests" */;
			buildPhases = (
				63A1FD3C1E82D8BE00AEFB12 /* Sources */,
				63A1FD3D1E82D8BE00AEFB12 /* Frameworks */,
				63A1FD3E1E82D8BE00AEFB12 /* Resources */,
			);
			buildRules = (
			);
			dependencies = (
				63A1FD421E82D8BE00AEFB12 /* PBXTargetDependency */,
			);
			name = PlimeUITests;
			productName = PlimeUITests;
			productReference = 63A1FD401E82D8BE00AEFB12 /* PlimeUITests.xctest */;
			productType = "com.apple.product-type.bundle.ui-testing";
		};
/* End PBXNativeTarget section */

/* Begin PBXProject section */
		63A1FD141E82D8BE00AEFB12 /* Project object */ = {
			isa = PBXProject;
			attributes = {
				CLASSPREFIX = MP;
				LastUpgradeCheck = 0700;
				ORGANIZATIONNAME = Maskmale;
				TargetAttributes = {
					63A1FD1B1E82D8BE00AEFB12 = {
						CreatedOnToolsVersion = 7.0;
						DevelopmentTeam = E7HN98TYF2;
					};
					63A1FD341E82D8BE00AEFB12 = {
						CreatedOnToolsVersion = 7.0;
						DevelopmentTeam = E7HN98TYF2;
						TestTargetID = 63A1FD1B1E82D8BE00AEFB12;
					};
					63A1FD3F1E82D8BE00AEFB12 = {
						CreatedOnToolsVersion = 7.0;
						DevelopmentTeam = E7HN98TYF2;
						TestTargetID = 63A1FD1B1E82D8BE00AEFB12;
					};
				};
			};
			buildConfigurationList = 63A1FD171E82D8BE00AEFB12 /* Build configuration list for PBXProject "Plime" */;
			compatibilityVersion = "Xcode 3.2";
			developmentRegion = English;
			hasScannedForEncodings = 0;
			knownRegions = (
				en,
				Base,
			);
			mainGroup = 63A1FD131E82D8BE00AEFB12;
			productRefGroup = 63A1FD1D1E82D8BE00AEFB12 /* Products */;
			projectDirPath = "";
			projectRoot = "";
			targets = (
				63A1FD1B1E82D8BE00AEFB12 /* Plime */,
				63A1FD341E82D8BE00AEFB12 /* PlimeTests */,
				63A1FD3F1E82D8BE00AEFB12 /* PlimeUITests */,
			);
		};
/* End PBXProject section */

/* Begin PBXResourcesBuildPhase section */
		63A1FD1A1E82D8BE00AEFB12 /* Resources */ = {
			isa = PBXResourcesBuildPhase;
			buildActionMask = 2147483647;
			files = (
				63A1FD2F1E82D8BE00AEFB12 /* LaunchScreen.storyboard in Resources */,
				63A1FD771E857B9D00AEFB12 /* Assets.xcassets in Resources */,
				63A1FD2A1E82D8BE00AEFB12 /* Main.storyboard in Resources */,
			);
			runOnlyForDeploymentPostprocessing = 0;
		};
		63A1FD331E82D8BE00AEFB12 /* Resources */ = {
			isa = PBXResourcesBuildPhase;
			buildActionMask = 2147483647;
			files = (
			);
			runOnlyForDeploymentPostprocessing = 0;
		};
		63A1FD3E1E82D8BE00AEFB12 /* Resources */ = {
			isa = PBXResourcesBuildPhase;
			buildActionMask = 2147483647;
			files = (
			);
			runOnlyForDeploymentPostprocessing = 0;
		};
/* End PBXResourcesBuildPhase section */

/* Begin PBXShellScriptBuildPhase section */
		6F684A28107C87B44F20872E /* [CP] Check Pods Manifest.lock */ = {
			isa = PBXShellScriptBuildPhase;
			buildActionMask = 2147483647;
			files = (
			);
			inputPaths = (
			);
			name = "[CP] Check Pods Manifest.lock";
			outputPaths = (
			);
			runOnlyForDeploymentPostprocessing = 0;
			shellPath = /bin/sh;
			shellScript = "diff \"${PODS_ROOT}/../Podfile.lock\" \"${PODS_ROOT}/Manifest.lock\" > /dev/null\nif [ $? != 0 ] ; then\n    # print error to STDERR\n    echo \"error: The sandbox is not in sync with the Podfile.lock. Run 'pod install' or update your CocoaPods installation.\" >&2\n    exit 1\nfi\n";
			showEnvVarsInLog = 0;
		};
		818F3B16BB6BEAFA58DD45C8 /* [CP] Embed Pods Frameworks */ = {
			isa = PBXShellScriptBuildPhase;
			buildActionMask = 2147483647;
			files = (
			);
			inputPaths = (
			);
			name = "[CP] Embed Pods Frameworks";
			outputPaths = (
			);
			runOnlyForDeploymentPostprocessing = 0;
			shellPath = /bin/sh;
			shellScript = "\"${SRCROOT}/Pods/Target Support Files/Pods-Plime/Pods-Plime-frameworks.sh\"\n";
			showEnvVarsInLog = 0;
		};
		D52F5E1320471D669119EBA6 /* [CP] Copy Pods Resources */ = {
			isa = PBXShellScriptBuildPhase;
			buildActionMask = 2147483647;
			files = (
			);
			inputPaths = (
			);
			name = "[CP] Copy Pods Resources";
			outputPaths = (
			);
			runOnlyForDeploymentPostprocessing = 0;
			shellPath = /bin/sh;
			shellScript = "\"${SRCROOT}/Pods/Target Support Files/Pods-Plime/Pods-Plime-resources.sh\"\n";
			showEnvVarsInLog = 0;
		};
/* End PBXShellScriptBuildPhase section */

/* Begin PBXSourcesBuildPhase section */
		63A1FD181E82D8BE00AEFB12 /* Sources */ = {
			isa = PBXSourcesBuildPhase;
			buildActionMask = 2147483647;
			files = (
				63A1FD711E83D11100AEFB12 /* UISearchBar+MAdd.m in Sources */,
				63A1FD5B1E83A1CF00AEFB12 /* MPTabBarController.m in Sources */,
				63A1FD271E82D8BE00AEFB12 /* ViewController.m in Sources */,
				63A1FD631E83B44300AEFB12 /* UIView+MExtension.m in Sources */,
				63A1FD751E85313500AEFB12 /* MPWaterflowLayout.m in Sources */,
				63A1FD241E82D8BE00AEFB12 /* AppDelegate.m in Sources */,
				63A1FD5E1E83A78900AEFB12 /* MPNavigationController.m in Sources */,
				63A1FD691E83BC5600AEFB12 /* MPFeedController.m in Sources */,
				63A1FD6D1E83CF3700AEFB12 /* MPSearchController.m in Sources */,
				63A1FD211E82D8BE00AEFB12 /* main.m in Sources */,
			);
			runOnlyForDeploymentPostprocessing = 0;
		};
		63A1FD311E82D8BE00AEFB12 /* Sources */ = {
			isa = PBXSourcesBuildPhase;
			buildActionMask = 2147483647;
			files = (
				63A1FD3A1E82D8BE00AEFB12 /* PlimeTests.m in Sources */,
			);
			runOnlyForDeploymentPostprocessing = 0;
		};
		63A1FD3C1E82D8BE00AEFB12 /* Sources */ = {
			isa = PBXSourcesBuildPhase;
			buildActionMask = 2147483647;
			files = (
				63A1FD451E82D8BF00AEFB12 /* PlimeUITests.m in Sources */,
			);
			runOnlyForDeploymentPostprocessing = 0;
		};
/* End PBXSourcesBuildPhase section */

/* Begin PBXTargetDependency section */
		63A1FD371E82D8BE00AEFB12 /* PBXTargetDependency */ = {
			isa = PBXTargetDependency;
			target = 63A1FD1B1E82D8BE00AEFB12 /* Plime */;
			targetProxy = 63A1FD361E82D8BE00AEFB12 /* PBXContainerItemProxy */;
		};
		63A1FD421E82D8BE00AEFB12 /* PBXTargetDependency */ = {
			isa = PBXTargetDependency;
			target = 63A1FD1B1E82D8BE00AEFB12 /* Plime */;
			targetProxy = 63A1FD411E82D8BE00AEFB12 /* PBXContainerItemProxy */;
		};
/* End PBXTargetDependency section */

/* Begin PBXVariantGroup section */
		63A1FD281E82D8BE00AEFB12 /* Main.storyboard */ = {
			isa = PBXVariantGroup;
			children = (
				63A1FD291E82D8BE00AEFB12 /* Base */,
			);
			name = Main.storyboard;
			sourceTree = "<group>";
		};
		63A1FD2D1E82D8BE00AEFB12 /* LaunchScreen.storyboard */ = {
			isa = PBXVariantGroup;
			children = (
				63A1FD2E1E82D8BE00AEFB12 /* Base */,
			);
			name = LaunchScreen.storyboard;
			sourceTree = "<group>";
		};
/* End PBXVariantGroup section */

/* Begin XCBuildConfiguration section */
		63A1FD471E82D8BF00AEFB12 /* Debug */ = {
			isa = XCBuildConfiguration;
			buildSettings = {
				ALWAYS_SEARCH_USER_PATHS = NO;
				CLANG_CXX_LANGUAGE_STANDARD = "gnu++0x";
				CLANG_CXX_LIBRARY = "libc++";
				CLANG_ENABLE_MODULES = YES;
				CLANG_ENABLE_OBJC_ARC = YES;
				CLANG_WARN_BOOL_CONVERSION = YES;
				CLANG_WARN_CONSTANT_CONVERSION = YES;
				CLANG_WARN_DIRECT_OBJC_ISA_USAGE = YES_ERROR;
				CLANG_WARN_EMPTY_BODY = YES;
				CLANG_WARN_ENUM_CONVERSION = YES;
				CLANG_WARN_INT_CONVERSION = YES;
				CLANG_WARN_OBJC_ROOT_CLASS = YES_ERROR;
				CLANG_WARN_UNREACHABLE_CODE = YES;
				CLANG_WARN__DUPLICATE_METHOD_MATCH = YES;
				"CODE_SIGN_IDENTITY[sdk=iphoneos*]" = "iPhone Developer";
				COPY_PHASE_STRIP = NO;
				DEBUG_INFORMATION_FORMAT = dwarf;
				ENABLE_STRICT_OBJC_MSGSEND = YES;
				ENABLE_TESTABILITY = YES;
				GCC_C_LANGUAGE_STANDARD = gnu99;
				GCC_DYNAMIC_NO_PIC = NO;
				GCC_NO_COMMON_BLOCKS = YES;
				GCC_OPTIMIZATION_LEVEL = 0;
				GCC_PREPROCESSOR_DEFINITIONS = (
					"DEBUG=1",
					"$(inherited)",
				);
				GCC_WARN_64_TO_32_BIT_CONVERSION = YES;
				GCC_WARN_ABOUT_RETURN_TYPE = YES_ERROR;
				GCC_WARN_UNDECLARED_SELECTOR = YES;
				GCC_WARN_UNINITIALIZED_AUTOS = YES_AGGRESSIVE;
				GCC_WARN_UNUSED_FUNCTION = YES;
				GCC_WARN_UNUSED_VARIABLE = YES;
				IPHONEOS_DEPLOYMENT_TARGET = 9.0;
				MTL_ENABLE_DEBUG_INFO = YES;
				ONLY_ACTIVE_ARCH = YES;
				SDKROOT = iphoneos;
			};
			name = Debug;
		};
		63A1FD481E82D8BF00AEFB12 /* Release */ = {
			isa = XCBuildConfiguration;
			buildSettings = {
				ALWAYS_SEARCH_USER_PATHS = NO;
				CLANG_CXX_LANGUAGE_STANDARD = "gnu++0x";
				CLANG_CXX_LIBRARY = "libc++";
				CLANG_ENABLE_MODULES = YES;
				CLANG_ENABLE_OBJC_ARC = YES;
				CLANG_WARN_BOOL_CONVERSION = YES;
				CLANG_WARN_CONSTANT_CONVERSION = YES;
				CLANG_WARN_DIRECT_OBJC_ISA_USAGE = YES_ERROR;
				CLANG_WARN_EMPTY_BODY = YES;
				CLANG_WARN_ENUM_CONVERSION = YES;
				CLANG_WARN_INT_CONVERSION = YES;
				CLANG_WARN_OBJC_ROOT_CLASS = YES_ERROR;
				CLANG_WARN_UNREACHABLE_CODE = YES;
				CLANG_WARN__DUPLICATE_METHOD_MATCH = YES;
				"CODE_SIGN_IDENTITY[sdk=iphoneos*]" = "iPhone Developer";
				COPY_PHASE_STRIP = NO;
				DEBUG_INFORMATION_FORMAT = "dwarf-with-dsym";
				ENABLE_NS_ASSERTIONS = NO;
				ENABLE_STRICT_OBJC_MSGSEND = YES;
				GCC_C_LANGUAGE_STANDARD = gnu99;
				GCC_NO_COMMON_BLOCKS = YES;
				GCC_WARN_64_TO_32_BIT_CONVERSION = YES;
				GCC_WARN_ABOUT_RETURN_TYPE = YES_ERROR;
				GCC_WARN_UNDECLARED_SELECTOR = YES;
				GCC_WARN_UNINITIALIZED_AUTOS = YES_AGGRESSIVE;
				GCC_WARN_UNUSED_FUNCTION = YES;
				GCC_WARN_UNUSED_VARIABLE = YES;
				IPHONEOS_DEPLOYMENT_TARGET = 9.0;
				MTL_ENABLE_DEBUG_INFO = NO;
				SDKROOT = iphoneos;
				VALIDATE_PRODUCT = YES;
			};
			name = Release;
		};
		63A1FD4A1E82D8BF00AEFB12 /* Debug */ = {
			isa = XCBuildConfiguration;
			baseConfigurationReference = 860151251F4B76AEA09BA337 /* Pods-Plime.debug.xcconfig */;
			buildSettings = {
				ASSETCATALOG_COMPILER_APPICON_NAME = AppIcon;
				GCC_PREFIX_HEADER = Plime/PrefixHeader.h;
				INFOPLIST_FILE = Plime/Info.plist;
				IPHONEOS_DEPLOYMENT_TARGET = 8.0;
				LD_RUNPATH_SEARCH_PATHS = "$(inherited) @executable_path/Frameworks";
				PRODUCT_BUNDLE_IDENTIFIER = "Maskmale-com.github.Plime";
				PRODUCT_NAME = "$(TARGET_NAME)";
				USER_HEADER_SEARCH_PATHS = " ${SRCROOT}/**";
			};
			name = Debug;
		};
		63A1FD4B1E82D8BF00AEFB12 /* Release */ = {
			isa = XCBuildConfiguration;
			baseConfigurationReference = 689730D10F6E5293B37480FF /* Pods-Plime.release.xcconfig */;
			buildSettings = {
				ASSETCATALOG_COMPILER_APPICON_NAME = AppIcon;
				GCC_PREFIX_HEADER = Plime/PrefixHeader.h;
				INFOPLIST_FILE = Plime/Info.plist;
				IPHONEOS_DEPLOYMENT_TARGET = 8.0;
				LD_RUNPATH_SEARCH_PATHS = "$(inherited) @executable_path/Frameworks";
				PRODUCT_BUNDLE_IDENTIFIER = "Maskmale-com.github.Plime";
				PRODUCT_NAME = "$(TARGET_NAME)";
				USER_HEADER_SEARCH_PATHS = " ${SRCROOT}/**";
			};
			name = Release;
		};
		63A1FD4D1E82D8BF00AEFB12 /* Debug */ = {
			isa = XCBuildConfiguration;
			buildSettings = {
				BUNDLE_LOADER = "$(TEST_HOST)";
				INFOPLIST_FILE = PlimeTests/Info.plist;
				LD_RUNPATH_SEARCH_PATHS = "$(inherited) @executable_path/Frameworks @loader_path/Frameworks";
				PRODUCT_BUNDLE_IDENTIFIER = "Maskmale-com.github.PlimeTests";
				PRODUCT_NAME = "$(TARGET_NAME)";
				TEST_HOST = "$(BUILT_PRODUCTS_DIR)/Plime.app/Plime";
			};
			name = Debug;
		};
		63A1FD4E1E82D8BF00AEFB12 /* Release */ = {
			isa = XCBuildConfiguration;
			buildSettings = {
				BUNDLE_LOADER = "$(TEST_HOST)";
				INFOPLIST_FILE = PlimeTests/Info.plist;
				LD_RUNPATH_SEARCH_PATHS = "$(inherited) @executable_path/Frameworks @loader_path/Frameworks";
				PRODUCT_BUNDLE_IDENTIFIER = "Maskmale-com.github.PlimeTests";
				PRODUCT_NAME = "$(TARGET_NAME)";
				TEST_HOST = "$(BUILT_PRODUCTS_DIR)/Plime.app/Plime";
			};
			name = Release;
		};
		63A1FD501E82D8BF00AEFB12 /* Debug */ = {
			isa = XCBuildConfiguration;
			buildSettings = {
				INFOPLIST_FILE = PlimeUITests/Info.plist;
				LD_RUNPATH_SEARCH_PATHS = "$(inherited) @executable_path/Frameworks @loader_path/Frameworks";
				PRODUCT_BUNDLE_IDENTIFIER = "Maskmale-com.github.PlimeUITests";
				PRODUCT_NAME = "$(TARGET_NAME)";
				TEST_TARGET_NAME = Plime;
				USES_XCTRUNNER = YES;
			};
			name = Debug;
		};
		63A1FD511E82D8BF00AEFB12 /* Release */ = {
			isa = XCBuildConfiguration;
			buildSettings = {
				INFOPLIST_FILE = PlimeUITests/Info.plist;
				LD_RUNPATH_SEARCH_PATHS = "$(inherited) @executable_path/Frameworks @loader_path/Frameworks";
				PRODUCT_BUNDLE_IDENTIFIER = "Maskmale-com.github.PlimeUITests";
				PRODUCT_NAME = "$(TARGET_NAME)";
				TEST_TARGET_NAME = Plime;
				USES_XCTRUNNER = YES;
			};
			name = Release;
		};
/* End XCBuildConfiguration section */

/* Begin XCConfigurationList section */
		63A1FD171E82D8BE00AEFB12 /* Build configuration list for PBXProject "Plime" */ = {
			isa = XCConfigurationList;
			buildConfigurations = (
				63A1FD471E82D8BF00AEFB12 /* Debug */,
				63A1FD481E82D8BF00AEFB12 /* Release */,
			);
			defaultConfigurationIsVisible = 0;
			defaultConfigurationName = Release;
		};
		63A1FD491E82D8BF00AEFB12 /* Build configuration list for PBXNativeTarget "Plime" */ = {
			isa = XCConfigurationList;
			buildConfigurations = (
				63A1FD4A1E82D8BF00AEFB12 /* Debug */,
				63A1FD4B1E82D8BF00AEFB12 /* Release */,
			);
			defaultConfigurationIsVisible = 0;
			defaultConfigurationName = Release;
		};
		63A1FD4C1E82D8BF00AEFB12 /* Build configuration list for PBXNativeTarget "PlimeTests" */ = {
			isa = XCConfigurationList;
			buildConfigurations = (
				63A1FD4D1E82D8BF00AEFB12 /* Debug */,
				63A1FD4E1E82D8BF00AEFB12 /* Release */,
			);
			defaultConfigurationIsVisible = 0;
			defaultConfigurationName = Release;
		};
		63A1FD4F1E82D8BF00AEFB12 /* Build configuration list for PBXNativeTarget "PlimeUITests" */ = {
			isa = XCConfigurationList;
			buildConfigurations = (
				63A1FD501E82D8BF00AEFB12 /* Debug */,
				63A1FD511E82D8BF00AEFB12 /* Release */,
			);
			defaultConfigurationIsVisible = 0;
			defaultConfigurationName = Release;
		};
/* End XCConfigurationList section */
	};
	rootObject = 63A1FD141E82D8BE00AEFB12 /* Project object */;
}
